// !$*UTF8*$!
{
	archiveVersion = 1;
	classes = {
	};
	objectVersion = 77;
	objects = {

/* Begin PBXBuildFile section */
		766478872D948D7700368179 /* A2_iOS_Nigar_101431281.xcdatamodeld in Resources */ = {isa = PBXBuildFile; fileRef = 76AFBD492D9486D9000C9BD7 /* A2_iOS_Nigar_101431281.xcdatamodeld */; };
		766478892D94C55B00368179 /* AddProductView.swift in Sources */ = {isa = PBXBuildFile; fileRef = 766478882D94C55B00368179 /* AddProductView.swift */; };
		7664788B2D94FFA100368179 /* ProductListView.swift .swift in Sources */ = {isa = PBXBuildFile; fileRef = 7664788A2D94FFA100368179 /* ProductListView.swift .swift */; };
		76AFBD3B2D948123000C9BD7 /* A2_iOS_Nigar_101431281App.swift in Sources */ = {isa = PBXBuildFile; fileRef = 76AFBD3A2D948123000C9BD7 /* A2_iOS_Nigar_101431281App.swift */; };
		76AFBD3D2D94816C000C9BD7 /* Assets.xcassets in Resources */ = {isa = PBXBuildFile; fileRef = 76AFBD3C2D94816C000C9BD7 /* Assets.xcassets */; };
		76AFBD3F2D94817E000C9BD7 /* ContentView.swift in Sources */ = {isa = PBXBuildFile; fileRef = 76AFBD3E2D94817E000C9BD7 /* ContentView.swift */; };
		76AFBD412D94818B000C9BD7 /* Persistence.swift in Sources */ = {isa = PBXBuildFile; fileRef = 76AFBD402D94818B000C9BD7 /* Persistence.swift */; };
		76AFBD4E2D9489AF000C9BD7 /* Product+CoreDataClass.swift in Sources */ = {isa = PBXBuildFile; fileRef = 76AFBD4C2D9489AF000C9BD7 /* Product+CoreDataClass.swift */; };
		76AFBD4F2D9489AF000C9BD7 /* Product+CoreDataProperties.swift in Sources */ = {isa = PBXBuildFile; fileRef = 76AFBD4D2D9489AF000C9BD7 /* Product+CoreDataProperties.swift */; };
/* End PBXBuildFile section */

/* Begin PBXFileReference section */
		766478882D94C55B00368179 /* AddProductView.swift */ = {isa = PBXFileReference; lastKnownFileType = sourcecode.swift; path = AddProductView.swift; sourceTree = "<group>"; };
		7664788A2D94FFA100368179 /* ProductListView.swift .swift */ = {isa = PBXFileReference; lastKnownFileType = sourcecode.swift; path = "ProductListView.swift .swift"; sourceTree = "<group>"; };
		767AC2D52D944A2600C745DA /* A2_iOS_Nigar_101431281.app */ = {isa = PBXFileReference; explicitFileType = wrapper.application; includeInIndex = 0; path = A2_iOS_Nigar_101431281.app; sourceTree = BUILT_PRODUCTS_DIR; };
		76AFBD3A2D948123000C9BD7 /* A2_iOS_Nigar_101431281App.swift */ = {isa = PBXFileReference; lastKnownFileType = sourcecode.swift; path = A2_iOS_Nigar_101431281App.swift; sourceTree = "<group>"; };
		76AFBD3C2D94816C000C9BD7 /* Assets.xcassets */ = {isa = PBXFileReference; lastKnownFileType = folder.assetcatalog; path = Assets.xcassets; sourceTree = "<group>"; };
		76AFBD3E2D94817E000C9BD7 /* ContentView.swift */ = {isa = PBXFileReference; lastKnownFileType = sourcecode.swift; path = ContentView.swift; sourceTree = "<group>"; };
		76AFBD402D94818B000C9BD7 /* Persistence.swift */ = {isa = PBXFileReference; lastKnownFileType = sourcecode.swift; path = Persistence.swift; sourceTree = "<group>"; };
		76AFBD4A2D9486D9000C9BD7 /* A2_iOS_Nigar_101431281.xcdatamodel */ = {isa = PBXFileReference; lastKnownFileType = wrapper.xcdatamodel; path = A2_iOS_Nigar_101431281.xcdatamodel; sourceTree = "<group>"; };
		76AFBD4C2D9489AF000C9BD7 /* Product+CoreDataClass.swift */ = {isa = PBXFileReference; lastKnownFileType = sourcecode.swift; path = "Product+CoreDataClass.swift"; sourceTree = "<group>"; };
		76AFBD4D2D9489AF000C9BD7 /* Product+CoreDataProperties.swift */ = {isa = PBXFileReference; lastKnownFileType = sourcecode.swift; path = "Product+CoreDataProperties.swift"; sourceTree = "<group>"; };
/* End PBXFileReference section */

/* Begin PBXFrameworksBuildPhase section */
		767AC2D22D944A2600C745DA /* Frameworks */ = {
			isa = PBXFrameworksBuildPhase;
			buildActionMask = 2147483647;
			files = (
			);
			runOnlyForDeploymentPostprocessing = 0;
		};
/* End PBXFrameworksBuildPhase section */

/* Begin PBXGroup section */
		767AC2CC2D944A2600C745DA = {
			isa = PBXGroup;
			children = (
				7664788A2D94FFA100368179 /* ProductListView.swift .swift */,
				766478882D94C55B00368179 /* AddProductView.swift */,
				76AFBD4C2D9489AF000C9BD7 /* Product+CoreDataClass.swift */,
				76AFBD4D2D9489AF000C9BD7 /* Product+CoreDataProperties.swift */,
				76AFBD402D94818B000C9BD7 /* Persistence.swift */,
				76AFBD3E2D94817E000C9BD7 /* ContentView.swift */,
				76AFBD3C2D94816C000C9BD7 /* Assets.xcassets */,
				76AFBD3A2D948123000C9BD7 /* A2_iOS_Nigar_101431281App.swift */,
				767AC2D62D944A2600C745DA /* Products */,
				76AFBD492D9486D9000C9BD7 /* A2_iOS_Nigar_101431281.xcdatamodeld */,
			);
			sourceTree = "<group>";
		};
		767AC2D62D944A2600C745DA /* Products */ = {
			isa = PBXGroup;
			children = (
				767AC2D52D944A2600C745DA /* A2_iOS_Nigar_101431281.app */,
			);
			name = Products;
			sourceTree = "<group>";
		};
/* End PBXGroup section */

/* Begin PBXNativeTarget section */
		767AC2D42D944A2600C745DA /* A2_iOS_Nigar_101431281 */ = {
			isa = PBXNativeTarget;
			buildConfigurationList = 767AC2E82D944A2700C745DA /* Build configuration list for PBXNativeTarget "A2_iOS_Nigar_101431281" */;
			buildPhases = (
				767AC2D12D944A2600C745DA /* Sources */,
				767AC2D22D944A2600C745DA /* Frameworks */,
				767AC2D32D944A2600C745DA /* Resources */,
			);
			buildRules = (
			);
			dependencies = (
			);
			name = A2_iOS_Nigar_101431281;
			packageProductDependencies = (
			);
			productName = A2_iOS_Nigar_101431281;
			productReference = 767AC2D52D944A2600C745DA /* A2_iOS_Nigar_101431281.app */;
			productType = "com.apple.product-type.application";
		};
/* End PBXNativeTarget section */

/* Begin PBXProject section */
		767AC2CD2D944A2600C745DA /* Project object */ = {
			isa = PBXProject;
			attributes = {
				BuildIndependentTargetsInParallel = 1;
				LastSwiftUpdateCheck = 1620;
				LastUpgradeCheck = 1620;
				TargetAttributes = {
					767AC2D42D944A2600C745DA = {
						CreatedOnToolsVersion = 16.2;
						LastSwiftMigration = 1620;
					};
				};
			};
			buildConfigurationList = 767AC2D02D944A2600C745DA /* Build configuration list for PBXProject "A2_iOS_Nigar_101431281" */;
			developmentRegion = en;
			hasScannedForEncodings = 0;
			knownRegions = (
				en,
				Base,
			);
			mainGroup = 767AC2CC2D944A2600C745DA;
			minimizedProjectReferenceProxies = 1;
			preferredProjectObjectVersion = 77;
			productRefGroup = 767AC2D62D944A2600C745DA /* Products */;
			projectDirPath = "";
			projectRoot = "";
			targets = (
				767AC2D42D944A2600C745DA /* A2_iOS_Nigar_101431281 */,
			);
		};
/* End PBXProject section */

/* Begin PBXResourcesBuildPhase section */
		767AC2D32D944A2600C745DA /* Resources */ = {
			isa = PBXResourcesBuildPhase;
			buildActionMask = 2147483647;
			files = (
				766478872D948D7700368179 /* A2_iOS_Nigar_101431281.xcdatamodeld in Resources */,
				76AFBD3D2D94816C000C9BD7 /* Assets.xcassets in Resources */,
			);
			runOnlyForDeploymentPostprocessing = 0;
		};
/* End PBXResourcesBuildPhase section */

/* Begin PBXSourcesBuildPhase section */
		767AC2D12D944A2600C745DA /* Sources */ = {
			isa = PBXSourcesBuildPhase;
			buildActionMask = 2147483647;
			files = (
				766478892D94C55B00368179 /* AddProductView.swift in Sources */,
				76AFBD412D94818B000C9BD7 /* Persistence.swift in Sources */,
				7664788B2D94FFA100368179 /* ProductListView.swift .swift in Sources */,
				76AFBD3F2D94817E000C9BD7 /* ContentView.swift in Sources */,
				76AFBD4E2D9489AF000C9BD7 /* Product+CoreDataClass.swift in Sources */,
				76AFBD4F2D9489AF000C9BD7 /* Product+CoreDataProperties.swift in Sources */,
				76AFBD3B2D948123000C9BD7 /* A2_iOS_Nigar_101431281App.swift in Sources */,
			);
			runOnlyForDeploymentPostprocessing = 0;
		};
/* End PBXSourcesBuildPhase section */

/* Begin XCBuildConfiguration section */
		767AC2E62D944A2700C745DA /* Debug */ = {
			isa = XCBuildConfiguration;
			buildSettings = {
				ALWAYS_SEARCH_USER_PATHS = NO;
				ASSETCATALOG_COMPILER_GENERATE_SWIFT_ASSET_SYMBOL_EXTENSIONS = YES;
				CLANG_ANALYZER_NONNULL = YES;
				CLANG_ANALYZER_NUMBER_OBJECT_CONVERSION = YES_AGGRESSIVE;
				CLANG_CXX_LANGUAGE_STANDARD = "gnu++20";
				CLANG_ENABLE_MODULES = YES;
				CLANG_ENABLE_OBJC_ARC = YES;
				CLANG_ENABLE_OBJC_WEAK = YES;
				CLANG_WARN_BLOCK_CAPTURE_AUTORELEASING = YES;
				CLANG_WARN_BOOL_CONVERSION = YES;
				CLANG_WARN_COMMA = YES;
				CLANG_WARN_CONSTANT_CONVERSION = YES;
				CLANG_WARN_DEPRECATED_OBJC_IMPLEMENTATIONS = YES;
				CLANG_WARN_DIRECT_OBJC_ISA_USAGE = YES_ERROR;
				CLANG_WARN_DOCUMENTATION_COMMENTS = YES;
				CLANG_WARN_EMPTY_BODY = YES;
				CLANG_WARN_ENUM_CONVERSION = YES;
				CLANG_WARN_INFINITE_RECURSION = YES;
				CLANG_WARN_INT_CONVERSION = YES;
				CLANG_WARN_NON_LITERAL_NULL_CONVERSION = YES;
				CLANG_WARN_OBJC_IMPLICIT_RETAIN_SELF = YES;
				CLANG_WARN_OBJC_LITERAL_CONVERSION = YES;
				CLANG_WARN_OBJC_ROOT_CLASS = YES_ERROR;
				CLANG_WARN_QUOTED_INCLUDE_IN_FRAMEWORK_HEADER = YES;
				CLANG_WARN_RANGE_LOOP_ANALYSIS = YES;
				CLANG_WARN_STRICT_PROTOTYPES = YES;
				CLANG_WARN_SUSPICIOUS_MOVE = YES;
				CLANG_WARN_UNGUARDED_AVAILABILITY = YES_AGGRESSIVE;
				CLANG_WARN_UNREACHABLE_CODE = YES;
				CLANG_WARN__DUPLICATE_METHOD_MATCH = YES;
				COPY_PHASE_STRIP = NO;
				DEBUG_INFORMATION_FORMAT = dwarf;
				ENABLE_STRICT_OBJC_MSGSEND = YES;
				ENABLE_TESTABILITY = YES;
				ENABLE_USER_SCRIPT_SANDBOXING = YES;
				GCC_C_LANGUAGE_STANDARD = gnu17;
				GCC_DYNAMIC_NO_PIC = NO;
				GCC_NO_COMMON_BLOCKS = YES;
				GCC_OPTIMIZATION_LEVEL = 0;
				GCC_PREPROCESSOR_DEFINITIONS = (
					"DEBUG=1",
					"$(inherited)",
				);
				GCC_WARN_64_TO_32_BIT_CONVERSION = YES;
				GCC_WARN_ABOUT_RETURN_TYPE = YES_ERROR;
				GCC_WARN_UNDECLARED_SELECTOR = YES;
				GCC_WARN_UNINITIALIZED_AUTOS = YES_AGGRESSIVE;
				GCC_WARN_UNUSED_FUNCTION = YES;
				GCC_WARN_UNUSED_VARIABLE = YES;
				IPHONEOS_DEPLOYMENT_TARGET = 18.2;
				LOCALIZATION_PREFERS_STRING_CATALOGS = YES;
				MTL_ENABLE_DEBUG_INFO = INCLUDE_SOURCE;
				MTL_FAST_MATH = YES;
				ONLY_ACTIVE_ARCH = YES;
				SDKROOT = iphoneos;
				SWIFT_ACTIVE_COMPILATION_CONDITIONS = "DEBUG $(inherited)";
				SWIFT_OPTIMIZATION_LEVEL = "-Onone";
			};
			name = Debug;
		};
		767AC2E72D944A2700C745DA /* Release */ = {
			isa = XCBuildConfiguration;
			buildSettings = {
				ALWAYS_SEARCH_USER_PATHS = NO;
				ASSETCATALOG_COMPILER_GENERATE_SWIFT_ASSET_SYMBOL_EXTENSIONS = YES;
				CLANG_ANALYZER_NONNULL = YES;
				CLANG_ANALYZER_NUMBER_OBJECT_CONVERSION = YES_AGGRESSIVE;
				CLANG_CXX_LANGUAGE_STANDARD = "gnu++20";
				CLANG_ENABLE_MODULES = YES;
				CLANG_ENABLE_OBJC_ARC = YES;
				CLANG_ENABLE_OBJC_WEAK = YES;
				CLANG_WARN_BLOCK_CAPTURE_AUTORELEASING = YES;
				CLANG_WARN_BOOL_CONVERSION = YES;
				CLANG_WARN_COMMA = YES;
				CLANG_WARN_CONSTANT_CONVERSION = YES;
				CLANG_WARN_DEPRECATED_OBJC_IMPLEMENTATIONS = YES;
				CLANG_WARN_DIRECT_OBJC_ISA_USAGE = YES_ERROR;
				CLANG_WARN_DOCUMENTATION_COMMENTS = YES;
				CLANG_WARN_EMPTY_BODY = YES;
				CLANG_WARN_ENUM_CONVERSION = YES;
				CLANG_WARN_INFINITE_RECURSION = YES;
				CLANG_WARN_INT_CONVERSION = YES;
				CLANG_WARN_NON_LITERAL_NULL_CONVERSION = YES;
				CLANG_WARN_OBJC_IMPLICIT_RETAIN_SELF = YES;
				CLANG_WARN_OBJC_LITERAL_CONVERSION = YES;
				CLANG_WARN_OBJC_ROOT_CLASS = YES_ERROR;
				CLANG_WARN_QUOTED_INCLUDE_IN_FRAMEWORK_HEADER = YES;
				CLANG_WARN_RANGE_LOOP_ANALYSIS = YES;
				CLANG_WARN_STRICT_PROTOTYPES = YES;
				CLANG_WARN_SUSPICIOUS_MOVE = YES;
				CLANG_WARN_UNGUARDED_AVAILABILITY = YES_AGGRESSIVE;
				CLANG_WARN_UNREACHABLE_CODE = YES;
				CLANG_WARN__DUPLICATE_METHOD_MATCH = YES;
				COPY_PHASE_STRIP = NO;
				DEBUG_INFORMATION_FORMAT = "dwarf-with-dsym";
				ENABLE_NS_ASSERTIONS = NO;
				ENABLE_STRICT_OBJC_MSGSEND = YES;
				ENABLE_USER_SCRIPT_SANDBOXING = YES;
				GCC_C_LANGUAGE_STANDARD = gnu17;
				GCC_NO_COMMON_BLOCKS = YES;
				GCC_WARN_64_TO_32_BIT_CONVERSION = YES;
				GCC_WARN_ABOUT_RETURN_TYPE = YES_ERROR;
				GCC_WARN_UNDECLARED_SELECTOR = YES;
				GCC_WARN_UNINITIALIZED_AUTOS = YES_AGGRESSIVE;
				GCC_WARN_UNUSED_FUNCTION = YES;
				GCC_WARN_UNUSED_VARIABLE = YES;
				IPHONEOS_DEPLOYMENT_TARGET = 18.2;
				LOCALIZATION_PREFERS_STRING_CATALOGS = YES;
				MTL_ENABLE_DEBUG_INFO = NO;
				MTL_FAST_MATH = YES;
				SDKROOT = iphoneos;
				SWIFT_COMPILATION_MODE = wholemodule;
				VALIDATE_PRODUCT = YES;
			};
			name = Release;
		};
		767AC2E92D944A2700C745DA /* Debug */ = {
			isa = XCBuildConfiguration;
			buildSettings = {
				ASSETCATALOG_COMPILER_APPICON_NAME = AppIcon;
				ASSETCATALOG_COMPILER_GLOBAL_ACCENT_COLOR_NAME = AccentColor;
				CLANG_ENABLE_MODULES = YES;
				CODE_SIGN_STYLE = Automatic;
				CURRENT_PROJECT_VERSION = 1;
				DEVELOPMENT_ASSET_PATHS = "";
				ENABLE_PREVIEWS = YES;
				GENERATE_INFOPLIST_FILE = YES;
				INFOPLIST_KEY_UIApplicationSceneManifest_Generation = YES;
				INFOPLIST_KEY_UIApplicationSupportsIndirectInputEvents = YES;
				INFOPLIST_KEY_UILaunchScreen_Generation = YES;
				INFOPLIST_KEY_UISupportedInterfaceOrientations_iPad = "UIInterfaceOrientationPortrait UIInterfaceOrientationPortraitUpsideDown UIInterfaceOrientationLandscapeLeft UIInterfaceOrientationLandscapeRight";
				INFOPLIST_KEY_UISupportedInterfaceOrientations_iPhone = "UIInterfaceOrientationPortrait UIInterfaceOrientationLandscapeLeft UIInterfaceOrientationLandscapeRight";
				LD_RUNPATH_SEARCH_PATHS = (
					"$(inherited)",
					"@executable_path/Frameworks",
				);
				MARKETING_VERSION = 1.0;
				PRODUCT_BUNDLE_IDENTIFIER = "com.nigar-labtest2is-eve.A2-iOS-Nigar-101431281";
				PRODUCT_NAME = "$(TARGET_NAME)";
				SWIFT_EMIT_LOC_STRINGS = YES;
				SWIFT_OPTIMIZATION_LEVEL = "-Onone";
				SWIFT_VERSION = 5.0;
				TARGETED_DEVICE_FAMILY = "1,2";
			};
			name = Debug;
		};
		767AC2EA2D944A2700C745DA /* Release */ = {
			isa = XCBuildConfiguration;
			buildSettings = {
				ASSETCATALOG_COMPILER_APPICON_NAME = AppIcon;
				ASSETCATALOG_COMPILER_GLOBAL_ACCENT_COLOR_NAME = AccentColor;
				CLANG_ENABLE_MODULES = YES;
				CODE_SIGN_STYLE = Automatic;
				CURRENT_PROJECT_VERSION = 1;
				DEVELOPMENT_ASSET_PATHS = "";
				ENABLE_PREVIEWS = YES;
				GENERATE_INFOPLIST_FILE = YES;
				INFOPLIST_KEY_UIApplicationSceneManifest_Generation = YES;
				INFOPLIST_KEY_UIApplicationSupportsIndirectInputEvents = YES;
				INFOPLIST_KEY_UILaunchScreen_Generation = YES;
				INFOPLIST_KEY_UISupportedInterfaceOrientations_iPad = "UIInterfaceOrientationPortrait UIInterfaceOrientationPortraitUpsideDown UIInterfaceOrientationLandscapeLeft UIInterfaceOrientationLandscapeRight";
				INFOPLIST_KEY_UISupportedInterfaceOrientations_iPhone = "UIInterfaceOrientationPortrait UIInterfaceOrientationLandscapeLeft UIInterfaceOrientationLandscapeRight";
				LD_RUNPATH_SEARCH_PATHS = (
					"$(inherited)",
					"@executable_path/Frameworks",
				);
				MARKETING_VERSION = 1.0;
				PRODUCT_BUNDLE_IDENTIFIER = "com.nigar-labtest2is-eve.A2-iOS-Nigar-101431281";
				PRODUCT_NAME = "$(TARGET_NAME)";
				SWIFT_EMIT_LOC_STRINGS = YES;
				SWIFT_VERSION = 5.0;
				TARGETED_DEVICE_FAMILY = "1,2";
			};
			name = Release;
		};
/* End XCBuildConfiguration section */

/* Begin XCConfigurationList section */
		767AC2D02D944A2600C745DA /* Build configuration list for PBXProject "A2_iOS_Nigar_101431281" */ = {
			isa = XCConfigurationList;
			buildConfigurations = (
				767AC2E62D944A2700C745DA /* Debug */,
				767AC2E72D944A2700C745DA /* Release */,
			);
			defaultConfigurationIsVisible = 0;
			defaultConfigurationName = Release;
		};
		767AC2E82D944A2700C745DA /* Build configuration list for PBXNativeTarget "A2_iOS_Nigar_101431281" */ = {
			isa = XCConfigurationList;
			buildConfigurations = (
				767AC2E92D944A2700C745DA /* Debug */,
				767AC2EA2D944A2700C745DA /* Release */,
			);
			defaultConfigurationIsVisible = 0;
			defaultConfigurationName = Release;
		};
/* End XCConfigurationList section */

/* Begin XCVersionGroup section */
		76AFBD492D9486D9000C9BD7 /* A2_iOS_Nigar_101431281.xcdatamodeld */ = {
			isa = XCVersionGroup;
			children = (
				76AFBD4A2D9486D9000C9BD7 /* A2_iOS_Nigar_101431281.xcdatamodel */,
			);
			currentVersion = 76AFBD4A2D9486D9000C9BD7 /* A2_iOS_Nigar_101431281.xcdatamodel */;
			path = A2_iOS_Nigar_101431281.xcdatamodeld;
			sourceTree = "<group>";
			versionGroupType = wrapper.xcdatamodel;
		};
/* End XCVersionGroup section */
	};
	rootObject = 767AC2CD2D944A2600C745DA /* Project object */;
}
